{
  "name": "FinalProject",
  "lockfileVersion": 3,
  "requires": true,
  "packages": {
    "": {
      "dependencies": {
        "@shopify/restyle": "^2.4.5"
      }
    },
    "node_modules/@shopify/restyle": {
      "version": "2.4.5",
      "resolved": "https://registry.npmjs.org/@shopify/restyle/-/restyle-2.4.5.tgz",
      "integrity": "sha512-xV970ytoX0oLac9+fMOMxcXcV9nv5BtwdNk50ZoyhqSLyiGamLJMpL/lMZIQHsmfDT8sksbUx94zQnZBztMgww==",
      "license": "MIT",
      "peerDependencies": {
        "react": "*",
        "react-native": "*"
      }
    }
  }
}
